// !$*UTF8*$!
{
	archiveVersion = 1;
	classes = {
	};
	objectVersion = 55;
	objects = {

/* Begin PBXBuildFile section */
		2E093F6D27319DAD0041AA8D /* AppDelegate.swift in Sources */ = {isa = PBXBuildFile; fileRef = 2E093F6C27319DAD0041AA8D /* AppDelegate.swift */; };
		2E093F6F27319DAD0041AA8D /* SceneDelegate.swift in Sources */ = {isa = PBXBuildFile; fileRef = 2E093F6E27319DAD0041AA8D /* SceneDelegate.swift */; };
		2E093F7127319DAD0041AA8D /* StoryboardedCalculatorViewController.swift in Sources */ = {isa = PBXBuildFile; fileRef = 2E093F7027319DAD0041AA8D /* StoryboardedCalculatorViewController.swift */; };
		2E093F7427319DAD0041AA8D /* Main.storyboard in Resources */ = {isa = PBXBuildFile; fileRef = 2E093F7227319DAD0041AA8D /* Main.storyboard */; };
		2E093F7627319DAE0041AA8D /* Assets.xcassets in Resources */ = {isa = PBXBuildFile; fileRef = 2E093F7527319DAE0041AA8D /* Assets.xcassets */; };
		2E093F7927319DAE0041AA8D /* LaunchScreen.storyboard in Resources */ = {isa = PBXBuildFile; fileRef = 2E093F7727319DAE0041AA8D /* LaunchScreen.storyboard */; };
		2E90CF2E273662D000E053DA /* RoundedButton.swift in Sources */ = {isa = PBXBuildFile; fileRef = 2E90CF2D273662D000E053DA /* RoundedButton.swift */; };
		2E90CF30273669D100E053DA /* BinaryOperatorButton.swift in Sources */ = {isa = PBXBuildFile; fileRef = 2E90CF2F273669D100E053DA /* BinaryOperatorButton.swift */; };
/* End PBXBuildFile section */

/* Begin PBXFileReference section */
		2E093F6927319DAD0041AA8D /* cakculator3.app */ = {isa = PBXFileReference; explicitFileType = wrapper.application; includeInIndex = 0; path = cakculator3.app; sourceTree = BUILT_PRODUCTS_DIR; };
		2E093F6C27319DAD0041AA8D /* AppDelegate.swift */ = {isa = PBXFileReference; lastKnownFileType = sourcecode.swift; path = AppDelegate.swift; sourceTree = "<group>"; };
		2E093F6E27319DAD0041AA8D /* SceneDelegate.swift */ = {isa = PBXFileReference; lastKnownFileType = sourcecode.swift; path = SceneDelegate.swift; sourceTree = "<group>"; };
		2E093F7027319DAD0041AA8D /* StoryboardedCalculatorViewController.swift */ = {isa = PBXFileReference; lastKnownFileType = sourcecode.swift; path = StoryboardedCalculatorViewController.swift; sourceTree = "<group>"; };
		2E093F7327319DAD0041AA8D /* Base */ = {isa = PBXFileReference; lastKnownFileType = file.storyboard; name = Base; path = Base.lproj/Main.storyboard; sourceTree = "<group>"; };
		2E093F7527319DAE0041AA8D /* Assets.xcassets */ = {isa = PBXFileReference; lastKnownFileType = folder.assetcatalog; path = Assets.xcassets; sourceTree = "<group>"; };
		2E093F7827319DAE0041AA8D /* Base */ = {isa = PBXFileReference; lastKnownFileType = file.storyboard; name = Base; path = Base.lproj/LaunchScreen.storyboard; sourceTree = "<group>"; };
		2E093F7A27319DAE0041AA8D /* Info.plist */ = {isa = PBXFileReference; lastKnownFileType = text.plist.xml; path = Info.plist; sourceTree = "<group>"; };
		2E90CF2D273662D000E053DA /* RoundedButton.swift */ = {isa = PBXFileReference; lastKnownFileType = sourcecode.swift; path = RoundedButton.swift; sourceTree = "<group>"; };
		2E90CF2F273669D100E053DA /* BinaryOperatorButton.swift */ = {isa = PBXFileReference; lastKnownFileType = sourcecode.swift; path = BinaryOperatorButton.swift; sourceTree = "<group>"; };
/* End PBXFileReference section */

/* Begin PBXFrameworksBuildPhase section */
		2E093F6627319DAD0041AA8D /* Frameworks */ = {
			isa = PBXFrameworksBuildPhase;
			buildActionMask = 2147483647;
			files = (
			);
			runOnlyForDeploymentPostprocessing = 0;
		};
/* End PBXFrameworksBuildPhase section */

/* Begin PBXGroup section */
		2E093F6027319DAD0041AA8D = {
			isa = PBXGroup;
			children = (
				2E093F6B27319DAD0041AA8D /* cakculator3 */,
				2E093F6A27319DAD0041AA8D /* Products */,
			);
			sourceTree = "<group>";
		};
		2E093F6A27319DAD0041AA8D /* Products */ = {
			isa = PBXGroup;
			children = (
				2E093F6927319DAD0041AA8D /* cakculator3.app */,
			);
			name = Products;
			sourceTree = "<group>";
		};
		2E093F6B27319DAD0041AA8D /* cakculator3 */ = {
			isa = PBXGroup;
			children = (
				2E093F6C27319DAD0041AA8D /* AppDelegate.swift */,
				2E093F6E27319DAD0041AA8D /* SceneDelegate.swift */,
				2E093F7027319DAD0041AA8D /* StoryboardedCalculatorViewController.swift */,
				2E90CF2F273669D100E053DA /* BinaryOperatorButton.swift */,
				2E90CF2D273662D000E053DA /* RoundedButton.swift */,
				2E093F7227319DAD0041AA8D /* Main.storyboard */,
				2E093F7527319DAE0041AA8D /* Assets.xcassets */,
				2E093F7727319DAE0041AA8D /* LaunchScreen.storyboard */,
				2E093F7A27319DAE0041AA8D /* Info.plist */,
			);
			path = cakculator3;
			sourceTree = "<group>";
		};
/* End PBXGroup section */

/* Begin PBXNativeTarget section */
		2E093F6827319DAD0041AA8D /* cakculator3 */ = {
			isa = PBXNativeTarget;
			buildConfigurationList = 2E093F7D27319DAE0041AA8D /* Build configuration list for PBXNativeTarget "cakculator3" */;
			buildPhases = (
				2E093F6527319DAD0041AA8D /* Sources */,
				2E093F6627319DAD0041AA8D /* Frameworks */,
				2E093F6727319DAD0041AA8D /* Resources */,
			);
			buildRules = (
			);
			dependencies = (
			);
			name = cakculator3;
			productName = cakculator3;
			productReference = 2E093F6927319DAD0041AA8D /* cakculator3.app */;
			productType = "com.apple.product-type.application";
		};
/* End PBXNativeTarget section */

/* Begin PBXProject section */
		2E093F6127319DAD0041AA8D /* Project object */ = {
			isa = PBXProject;
			attributes = {
				BuildIndependentTargetsInParallel = 1;
				LastSwiftUpdateCheck = 1300;
				LastUpgradeCheck = 1300;
				TargetAttributes = {
					2E093F6827319DAD0041AA8D = {
						CreatedOnToolsVersion = 13.0;
					};
				};
			};
			buildConfigurationList = 2E093F6427319DAD0041AA8D /* Build configuration list for PBXProject "cakculator3" */;
			compatibilityVersion = "Xcode 13.0";
			developmentRegion = en;
			hasScannedForEncodings = 0;
			knownRegions = (
				en,
				Base,
			);
			mainGroup = 2E093F6027319DAD0041AA8D;
			productRefGroup = 2E093F6A27319DAD0041AA8D /* Products */;
			projectDirPath = "";
			projectRoot = "";
			targets = (
				2E093F6827319DAD0041AA8D /* cakculator3 */,
			);
		};
/* End PBXProject section */

/* Begin PBXResourcesBuildPhase section */
		2E093F6727319DAD0041AA8D /* Resources */ = {
			isa = PBXResourcesBuildPhase;
			buildActionMask = 2147483647;
			files = (
				2E093F7927319DAE0041AA8D /* LaunchScreen.storyboard in Resources */,
				2E093F7627319DAE0041AA8D /* Assets.xcassets in Resources */,
				2E093F7427319DAD0041AA8D /* Main.storyboard in Resources */,
			);
			runOnlyForDeploymentPostprocessing = 0;
		};
/* End PBXResourcesBuildPhase section */

/* Begin PBXSourcesBuildPhase section */
		2E093F6527319DAD0041AA8D /* Sources */ = {
			isa = PBXSourcesBuildPhase;
			buildActionMask = 2147483647;
			files = (
				2E90CF30273669D100E053DA /* BinaryOperatorButton.swift in Sources */,
				2E093F7127319DAD0041AA8D /* StoryboardedCalculatorViewController.swift in Sources */,
				2E093F6D27319DAD0041AA8D /* AppDelegate.swift in Sources */,
				2E093F6F27319DAD0041AA8D /* SceneDelegate.swift in Sources */,
				2E90CF2E273662D000E053DA /* RoundedButton.swift in Sources */,
			);
			runOnlyForDeploymentPostprocessing = 0;
		};
/* End PBXSourcesBuildPhase section */

/* Begin PBXVariantGroup section */
		2E093F7227319DAD0041AA8D /* Main.storyboard */ = {
			isa = PBXVariantGroup;
			children = (
				2E093F7327319DAD0041AA8D /* Base */,
			);
			name = Main.storyboard;
			sourceTree = "<group>";
		};
		2E093F7727319DAE0041AA8D /* LaunchScreen.storyboard */ = {
			isa = PBXVariantGroup;
			children = (
				2E093F7827319DAE0041AA8D /* Base */,
			);
			name = LaunchScreen.storyboard;
			sourceTree = "<group>";
		};
/* End PBXVariantGroup section */

/* Begin XCBuildConfiguration section */
		2E093F7B27319DAE0041AA8D /* Debug */ = {
			isa = XCBuildConfiguration;
			buildSettings = {
				ALWAYS_SEARCH_USER_PATHS = NO;
				CLANG_ANALYZER_NONNULL = YES;
				CLANG_ANALYZER_NUMBER_OBJECT_CONVERSION = YES_AGGRESSIVE;
				CLANG_CXX_LANGUAGE_STANDARD = "gnu++17";
				CLANG_CXX_LIBRARY = "libc++";
				CLANG_ENABLE_MODULES = YES;
				CLANG_ENABLE_OBJC_ARC = YES;
				CLANG_ENABLE_OBJC_WEAK = YES;
				CLANG_WARN_BLOCK_CAPTURE_AUTORELEASING = YES;
				CLANG_WARN_BOOL_CONVERSION = YES;
				CLANG_WARN_COMMA = YES;
				CLANG_WARN_CONSTANT_CONVERSION = YES;
				CLANG_WARN_DEPRECATED_OBJC_IMPLEMENTATIONS = YES;
				CLANG_WARN_DIRECT_OBJC_ISA_USAGE = YES_ERROR;
				CLANG_WARN_DOCUMENTATION_COMMENTS = YES;
				CLANG_WARN_EMPTY_BODY = YES;
				CLANG_WARN_ENUM_CONVERSION = YES;
				CLANG_WARN_INFINITE_RECURSION = YES;
				CLANG_WARN_INT_CONVERSION = YES;
				CLANG_WARN_NON_LITERAL_NULL_CONVERSION = YES;
				CLANG_WARN_OBJC_IMPLICIT_RETAIN_SELF = YES;
				CLANG_WARN_OBJC_LITERAL_CONVERSION = YES;
				CLANG_WARN_OBJC_ROOT_CLASS = YES_ERROR;
				CLANG_WARN_QUOTED_INCLUDE_IN_FRAMEWORK_HEADER = YES;
				CLANG_WARN_RANGE_LOOP_ANALYSIS = YES;
				CLANG_WARN_STRICT_PROTOTYPES = YES;
				CLANG_WARN_SUSPICIOUS_MOVE = YES;
				CLANG_WARN_UNGUARDED_AVAILABILITY = YES_AGGRESSIVE;
				CLANG_WARN_UNREACHABLE_CODE = YES;
				CLANG_WARN__DUPLICATE_METHOD_MATCH = YES;
				COPY_PHASE_STRIP = NO;
				DEBUG_INFORMATION_FORMAT = dwarf;
				ENABLE_STRICT_OBJC_MSGSEND = YES;
				ENABLE_TESTABILITY = YES;
				GCC_C_LANGUAGE_STANDARD = gnu11;
				GCC_DYNAMIC_NO_PIC = NO;
				GCC_NO_COMMON_BLOCKS = YES;
				GCC_OPTIMIZATION_LEVEL = 0;
				GCC_PREPROCESSOR_DEFINITIONS = (
					"DEBUG=1",
					"$(inherited)",
				);
				GCC_WARN_64_TO_32_BIT_CONVERSION = YES;
				GCC_WARN_ABOUT_RETURN_TYPE = YES_ERROR;
				GCC_WARN_UNDECLARED_SELECTOR = YES;
				GCC_WARN_UNINITIALIZED_AUTOS = YES_AGGRESSIVE;
				GCC_WARN_UNUSED_FUNCTION = YES;
				GCC_WARN_UNUSED_VARIABLE = YES;
				IPHONEOS_DEPLOYMENT_TARGET = 15.0;
				MTL_ENABLE_DEBUG_INFO = INCLUDE_SOURCE;
				MTL_FAST_MATH = YES;
				ONLY_ACTIVE_ARCH = YES;
				SDKROOT = iphoneos;
				SWIFT_ACTIVE_COMPILATION_CONDITIONS = DEBUG;
				SWIFT_OPTIMIZATION_LEVEL = "-Onone";
			};
			name = Debug;
		};
		2E093F7C27319DAE0041AA8D /* Release */ = {
			isa = XCBuildConfiguration;
			buildSettings = {
				ALWAYS_SEARCH_USER_PATHS = NO;
				CLANG_ANALYZER_NONNULL = YES;
				CLANG_ANALYZER_NUMBER_OBJECT_CONVERSION = YES_AGGRESSIVE;
				CLANG_CXX_LANGUAGE_STANDARD = "gnu++17";
				CLANG_CXX_LIBRARY = "libc++";
				CLANG_ENABLE_MODULES = YES;
				CLANG_ENABLE_OBJC_ARC = YES;
				CLANG_ENABLE_OBJC_WEAK = YES;
				CLANG_WARN_BLOCK_CAPTURE_AUTORELEASING = YES;
				CLANG_WARN_BOOL_CONVERSION = YES;
				CLANG_WARN_COMMA = YES;
				CLANG_WARN_CONSTANT_CONVERSION = YES;
				CLANG_WARN_DEPRECATED_OBJC_IMPLEMENTATIONS = YES;
				CLANG_WARN_DIRECT_OBJC_ISA_USAGE = YES_ERROR;
				CLANG_WARN_DOCUMENTATION_COMMENTS = YES;
				CLANG_WARN_EMPTY_BODY = YES;
				CLANG_WARN_ENUM_CONVERSION = YES;
				CLANG_WARN_INFINITE_RECURSION = YES;
				CLANG_WARN_INT_CONVERSION = YES;
				CLANG_WARN_NON_LITERAL_NULL_CONVERSION = YES;
				CLANG_WARN_OBJC_IMPLICIT_RETAIN_SELF = YES;
				CLANG_WARN_OBJC_LITERAL_CONVERSION = YES;
				CLANG_WARN_OBJC_ROOT_CLASS = YES_ERROR;
				CLANG_WARN_QUOTED_INCLUDE_IN_FRAMEWORK_HEADER = YES;
				CLANG_WARN_RANGE_LOOP_ANALYSIS = YES;
				CLANG_WARN_STRICT_PROTOTYPES = YES;
				CLANG_WARN_SUSPICIOUS_MOVE = YES;
				CLANG_WARN_UNGUARDED_AVAILABILITY = YES_AGGRESSIVE;
				CLANG_WARN_UNREACHABLE_CODE = YES;
				CLANG_WARN__DUPLICATE_METHOD_MATCH = YES;
				COPY_PHASE_STRIP = NO;
				DEBUG_INFORMATION_FORMAT = "dwarf-with-dsym";
				ENABLE_NS_ASSERTIONS = NO;
				ENABLE_STRICT_OBJC_MSGSEND = YES;
				GCC_C_LANGUAGE_STANDARD = gnu11;
				GCC_NO_COMMON_BLOCKS = YES;
				GCC_WARN_64_TO_32_BIT_CONVERSION = YES;
				GCC_WARN_ABOUT_RETURN_TYPE = YES_ERROR;
				GCC_WARN_UNDECLARED_SELECTOR = YES;
				GCC_WARN_UNINITIALIZED_AUTOS = YES_AGGRESSIVE;
				GCC_WARN_UNUSED_FUNCTION = YES;
				GCC_WARN_UNUSED_VARIABLE = YES;
				IPHONEOS_DEPLOYMENT_TARGET = 15.0;
				MTL_ENABLE_DEBUG_INFO = NO;
				MTL_FAST_MATH = YES;
				SDKROOT = iphoneos;
				SWIFT_COMPILATION_MODE = wholemodule;
				SWIFT_OPTIMIZATION_LEVEL = "-O";
				VALIDATE_PRODUCT = YES;
			};
			name = Release;
		};
		2E093F7E27319DAE0041AA8D /* Debug */ = {
			isa = XCBuildConfiguration;
			buildSettings = {
				ASSETCATALOG_COMPILER_APPICON_NAME = AppIcon;
				ASSETCATALOG_COMPILER_GLOBAL_ACCENT_COLOR_NAME = AccentColor;
				CODE_SIGN_STYLE = Automatic;
				CURRENT_PROJECT_VERSION = 1;
				GENERATE_INFOPLIST_FILE = YES;
				INFOPLIST_FILE = cakculator3/Info.plist;
				INFOPLIST_KEY_UIApplicationSupportsIndirectInputEvents = YES;
				INFOPLIST_KEY_UILaunchStoryboardName = LaunchScreen;
				INFOPLIST_KEY_UIMainStoryboardFile = Main;
				INFOPLIST_KEY_UISupportedInterfaceOrientations = "UIInterfaceOrientationPortrait UIInterfaceOrientationPortraitUpsideDown";
				INFOPLIST_KEY_UISupportedInterfaceOrientations_iPad = "UIInterfaceOrientationPortrait UIInterfaceOrientationPortraitUpsideDown UIInterfaceOrientationLandscapeLeft UIInterfaceOrientationLandscapeRight";
				INFOPLIST_KEY_UISupportedInterfaceOrientations_iPhone = "UIInterfaceOrientationPortrait UIInterfaceOrientationLandscapeLeft UIInterfaceOrientationLandscapeRight";
				LD_RUNPATH_SEARCH_PATHS = (
					"$(inherited)",
					"@executable_path/Frameworks",
				);
				MARKETING_VERSION = 1.0;
				PRODUCT_BUNDLE_IDENTIFIER = "navigator-co.cakculator3";
				PRODUCT_NAME = "$(TARGET_NAME)";
				SWIFT_EMIT_LOC_STRINGS = YES;
				SWIFT_VERSION = 5.0;
				TARGETED_DEVICE_FAMILY = "1,2";
			};
			name = Debug;
		};
		2E093F7F27319DAE0041AA8D /* Release */ = {
			isa = XCBuildConfiguration;
			buildSettings = {
				ASSETCATALOG_COMPILER_APPICON_NAME = AppIcon;
				ASSETCATALOG_COMPILER_GLOBAL_ACCENT_COLOR_NAME = AccentColor;
				CODE_SIGN_STYLE = Automatic;
				CURRENT_PROJECT_VERSION = 1;
				GENERATE_INFOPLIST_FILE = YES;
				INFOPLIST_FILE = cakculator3/Info.plist;
				INFOPLIST_KEY_UIApplicationSupportsIndirectInputEvents = YES;
				INFOPLIST_KEY_UILaunchStoryboardName = LaunchScreen;
				INFOPLIST_KEY_UIMainStoryboardFile = Main;
				INFOPLIST_KEY_UISupportedInterfaceOrientations = "UIInterfaceOrientationPortrait UIInterfaceOrientationPortraitUpsideDown";
				INFOPLIST_KEY_UISupportedInterfaceOrientations_iPad = "UIInterfaceOrientationPortrait UIInterfaceOrientationPortraitUpsideDown UIInterfaceOrientationLandscapeLeft UIInterfaceOrientationLandscapeRight";
				INFOPLIST_KEY_UISupportedInterfaceOrientations_iPhone = "UIInterfaceOrientationPortrait UIInterfaceOrientationLandscapeLeft UIInterfaceOrientationLandscapeRight";
				LD_RUNPATH_SEARCH_PATHS = (
					"$(inherited)",
					"@executable_path/Frameworks",
				);
				MARKETING_VERSION = 1.0;
				PRODUCT_BUNDLE_IDENTIFIER = "navigator-co.cakculator3";
				PRODUCT_NAME = "$(TARGET_NAME)";
				SWIFT_EMIT_LOC_STRINGS = YES;
				SWIFT_VERSION = 5.0;
				TARGETED_DEVICE_FAMILY = "1,2";
			};
			name = Release;
		};
/* End XCBuildConfiguration section */

/* Begin XCConfigurationList section */
		2E093F6427319DAD0041AA8D /* Build configuration list for PBXProject "cakculator3" */ = {
			isa = XCConfigurationList;
			buildConfigurations = (
				2E093F7B27319DAE0041AA8D /* Debug */,
				2E093F7C27319DAE0041AA8D /* Release */,
			);
			defaultConfigurationIsVisible = 0;
			defaultConfigurationName = Release;
		};
		2E093F7D27319DAE0041AA8D /* Build configuration list for PBXNativeTarget "cakculator3" */ = {
			isa = XCConfigurationList;
			buildConfigurations = (
				2E093F7E27319DAE0041AA8D /* Debug */,
				2E093F7F27319DAE0041AA8D /* Release */,
			);
			defaultConfigurationIsVisible = 0;
			defaultConfigurationName = Release;
		};
/* End XCConfigurationList section */
	};
	rootObject = 2E093F6127319DAD0041AA8D /* Project object */;
}
